// !$*UTF8*$!
{
	archiveVersion = 1;
	classes = {
	};
	objectVersion = 51;
	objects = {

/* Begin PBXBuildFile section */
		6194C2B9A0DE12CE295E9528 /* Pods_Metropolis.framework in Frameworks */ = {isa = PBXBuildFile; fileRef = 9D48C74D971C72712D70FFF1 /* Pods_Metropolis.framework */; };
		CF2AF0AF2465FF1400E5D378 /* landingPageViewController.swift in Sources */ = {isa = PBXBuildFile; fileRef = CF2AF0AE2465FF1400E5D378 /* landingPageViewController.swift */; };
		CF2AF0B324660E6100E5D378 /* profileViewController.swift in Sources */ = {isa = PBXBuildFile; fileRef = CF2AF0B224660E6100E5D378 /* profileViewController.swift */; };
		CF893332244D0189002A2D06 /* AppDelegate.swift in Sources */ = {isa = PBXBuildFile; fileRef = CF893331244D0189002A2D06 /* AppDelegate.swift */; };
		CF893334244D0189002A2D06 /* SceneDelegate.swift in Sources */ = {isa = PBXBuildFile; fileRef = CF893333244D0189002A2D06 /* SceneDelegate.swift */; };
		CF893339244D0189002A2D06 /* Main.storyboard in Resources */ = {isa = PBXBuildFile; fileRef = CF893337244D0189002A2D06 /* Main.storyboard */; };
		CF89333B244D0190002A2D06 /* Assets.xcassets in Resources */ = {isa = PBXBuildFile; fileRef = CF89333A244D0190002A2D06 /* Assets.xcassets */; };
		CF89333E244D0191002A2D06 /* LaunchScreen.storyboard in Resources */ = {isa = PBXBuildFile; fileRef = CF89333C244D0191002A2D06 /* LaunchScreen.storyboard */; };
		CF893347244D0B1B002A2D06 /* loginViewController.swift in Sources */ = {isa = PBXBuildFile; fileRef = CF893346244D0B1B002A2D06 /* loginViewController.swift */; };
		CF89334A244D0D5C002A2D06 /* GoogleService-Info.plist in Resources */ = {isa = PBXBuildFile; fileRef = CF893349244D0D5C002A2D06 /* GoogleService-Info.plist */; };
		CF978EFA244D10B00023383A /* registerViewController.swift in Sources */ = {isa = PBXBuildFile; fileRef = CF978EF9244D10B00023383A /* registerViewController.swift */; };
		CF9E4CAE2491B9D0002BA96F /* Screen Shot 2020-06-10 at 6.00.14 PM.png in Resources */ = {isa = PBXBuildFile; fileRef = CF9E4CAD2491B9D0002BA96F /* Screen Shot 2020-06-10 at 6.00.14 PM.png */; };
		CFA21FE924A15CA40082E82E /* feedTableViewController.swift in Sources */ = {isa = PBXBuildFile; fileRef = CFA21FE824A15CA40082E82E /* feedTableViewController.swift */; };
		CFA21FEB24A15E2A0082E82E /* eventManagerViewController.swift in Sources */ = {isa = PBXBuildFile; fileRef = CFA21FEA24A15E2A0082E82E /* eventManagerViewController.swift */; };
		CFA7C2532490DC4000286DFD /* Screen Shot 2020-06-10 at 2.15.32 AM.png in Resources */ = {isa = PBXBuildFile; fileRef = CFA7C2522490DC4000286DFD /* Screen Shot 2020-06-10 at 2.15.32 AM.png */; };
		CFF8A1172472E6C5001B33B2 /* editProfileViewController.swift in Sources */ = {isa = PBXBuildFile; fileRef = CFF8A1162472E6C5001B33B2 /* editProfileViewController.swift */; };
/* End PBXBuildFile section */

/* Begin PBXFileReference section */
		6BE4B9636BD960ECE9B0D0E8 /* Pods-Metropolis.release.xcconfig */ = {isa = PBXFileReference; includeInIndex = 1; lastKnownFileType = text.xcconfig; name = "Pods-Metropolis.release.xcconfig"; path = "Target Support Files/Pods-Metropolis/Pods-Metropolis.release.xcconfig"; sourceTree = "<group>"; };
		9D48C74D971C72712D70FFF1 /* Pods_Metropolis.framework */ = {isa = PBXFileReference; explicitFileType = wrapper.framework; includeInIndex = 0; path = Pods_Metropolis.framework; sourceTree = BUILT_PRODUCTS_DIR; };
		C8A3F4CF380C1AF08C148939 /* Pods-Metropolis.debug.xcconfig */ = {isa = PBXFileReference; includeInIndex = 1; lastKnownFileType = text.xcconfig; name = "Pods-Metropolis.debug.xcconfig"; path = "Target Support Files/Pods-Metropolis/Pods-Metropolis.debug.xcconfig"; sourceTree = "<group>"; };
		CF2AF0AE2465FF1400E5D378 /* landingPageViewController.swift */ = {isa = PBXFileReference; lastKnownFileType = sourcecode.swift; path = landingPageViewController.swift; sourceTree = "<group>"; };
		CF2AF0B224660E6100E5D378 /* profileViewController.swift */ = {isa = PBXFileReference; lastKnownFileType = sourcecode.swift; path = profileViewController.swift; sourceTree = "<group>"; };
		CF89332E244D0189002A2D06 /* Metropolis.app */ = {isa = PBXFileReference; explicitFileType = wrapper.application; includeInIndex = 0; path = Metropolis.app; sourceTree = BUILT_PRODUCTS_DIR; };
		CF893331244D0189002A2D06 /* AppDelegate.swift */ = {isa = PBXFileReference; lastKnownFileType = sourcecode.swift; path = AppDelegate.swift; sourceTree = "<group>"; };
		CF893333244D0189002A2D06 /* SceneDelegate.swift */ = {isa = PBXFileReference; lastKnownFileType = sourcecode.swift; path = SceneDelegate.swift; sourceTree = "<group>"; };
		CF893338244D0189002A2D06 /* Base */ = {isa = PBXFileReference; lastKnownFileType = file.storyboard; name = Base; path = Base.lproj/Main.storyboard; sourceTree = "<group>"; };
		CF89333A244D0190002A2D06 /* Assets.xcassets */ = {isa = PBXFileReference; lastKnownFileType = folder.assetcatalog; path = Assets.xcassets; sourceTree = "<group>"; };
		CF89333D244D0191002A2D06 /* Base */ = {isa = PBXFileReference; lastKnownFileType = file.storyboard; name = Base; path = Base.lproj/LaunchScreen.storyboard; sourceTree = "<group>"; };
		CF89333F244D0191002A2D06 /* Info.plist */ = {isa = PBXFileReference; lastKnownFileType = text.plist.xml; path = Info.plist; sourceTree = "<group>"; };
		CF893346244D0B1B002A2D06 /* loginViewController.swift */ = {isa = PBXFileReference; lastKnownFileType = sourcecode.swift; path = loginViewController.swift; sourceTree = "<group>"; };
		CF893349244D0D5C002A2D06 /* GoogleService-Info.plist */ = {isa = PBXFileReference; fileEncoding = 4; lastKnownFileType = text.plist.xml; path = "GoogleService-Info.plist"; sourceTree = "<group>"; };
		CF978EF9244D10B00023383A /* registerViewController.swift */ = {isa = PBXFileReference; lastKnownFileType = sourcecode.swift; path = registerViewController.swift; sourceTree = "<group>"; };
		CF9E4CAD2491B9D0002BA96F /* Screen Shot 2020-06-10 at 6.00.14 PM.png */ = {isa = PBXFileReference; lastKnownFileType = image.png; path = "Screen Shot 2020-06-10 at 6.00.14 PM.png"; sourceTree = "<group>"; };
		CFA21FE824A15CA40082E82E /* feedTableViewController.swift */ = {isa = PBXFileReference; lastKnownFileType = sourcecode.swift; path = feedTableViewController.swift; sourceTree = "<group>"; };
		CFA21FEA24A15E2A0082E82E /* eventManagerViewController.swift */ = {isa = PBXFileReference; lastKnownFileType = sourcecode.swift; path = eventManagerViewController.swift; sourceTree = "<group>"; };
		CFA7C2522490DC4000286DFD /* Screen Shot 2020-06-10 at 2.15.32 AM.png */ = {isa = PBXFileReference; lastKnownFileType = image.png; path = "Screen Shot 2020-06-10 at 2.15.32 AM.png"; sourceTree = "<group>"; };
		CFF8A1162472E6C5001B33B2 /* editProfileViewController.swift */ = {isa = PBXFileReference; lastKnownFileType = sourcecode.swift; path = editProfileViewController.swift; sourceTree = "<group>"; };
/* End PBXFileReference section */

/* Begin PBXFrameworksBuildPhase section */
		CF89332B244D0189002A2D06 /* Frameworks */ = {
			isa = PBXFrameworksBuildPhase;
			buildActionMask = 2147483647;
			files = (
				6194C2B9A0DE12CE295E9528 /* Pods_Metropolis.framework in Frameworks */,
			);
			runOnlyForDeploymentPostprocessing = 0;
		};
/* End PBXFrameworksBuildPhase section */

/* Begin PBXGroup section */
		166A77E8732DE49EB831C7EE /* Frameworks */ = {
			isa = PBXGroup;
			children = (
				9D48C74D971C72712D70FFF1 /* Pods_Metropolis.framework */,
			);
			name = Frameworks;
			sourceTree = "<group>";
		};
		A814C6E4B97268885BE18B2F /* Pods */ = {
			isa = PBXGroup;
			children = (
				C8A3F4CF380C1AF08C148939 /* Pods-Metropolis.debug.xcconfig */,
				6BE4B9636BD960ECE9B0D0E8 /* Pods-Metropolis.release.xcconfig */,
			);
			path = Pods;
			sourceTree = "<group>";
		};
		CF893325244D0189002A2D06 = {
			isa = PBXGroup;
			children = (
				CF893330244D0189002A2D06 /* Metropolis */,
				CF89332F244D0189002A2D06 /* Products */,
				A814C6E4B97268885BE18B2F /* Pods */,
				166A77E8732DE49EB831C7EE /* Frameworks */,
			);
			sourceTree = "<group>";
		};
		CF89332F244D0189002A2D06 /* Products */ = {
			isa = PBXGroup;
			children = (
				CF89332E244D0189002A2D06 /* Metropolis.app */,
			);
			name = Products;
			sourceTree = "<group>";
		};
		CF893330244D0189002A2D06 /* Metropolis */ = {
			isa = PBXGroup;
			children = (
				CF893331244D0189002A2D06 /* AppDelegate.swift */,
				CF893333244D0189002A2D06 /* SceneDelegate.swift */,
				CF893345244D0A5D002A2D06 /* View Controllers */,
				CF893337244D0189002A2D06 /* Main.storyboard */,
				CF89333A244D0190002A2D06 /* Assets.xcassets */,
				CF89333C244D0191002A2D06 /* LaunchScreen.storyboard */,
				CF89333F244D0191002A2D06 /* Info.plist */,
				CFA7C2522490DC4000286DFD /* Screen Shot 2020-06-10 at 2.15.32 AM.png */,
				CF9E4CAD2491B9D0002BA96F /* Screen Shot 2020-06-10 at 6.00.14 PM.png */,
				CF893349244D0D5C002A2D06 /* GoogleService-Info.plist */,
			);
			path = Metropolis;
			sourceTree = "<group>";
		};
		CF893345244D0A5D002A2D06 /* View Controllers */ = {
			isa = PBXGroup;
			children = (
				CF893346244D0B1B002A2D06 /* loginViewController.swift */,
				CF978EF9244D10B00023383A /* registerViewController.swift */,
				CF2AF0AE2465FF1400E5D378 /* landingPageViewController.swift */,
				CF2AF0B224660E6100E5D378 /* profileViewController.swift */,
				CFF8A1162472E6C5001B33B2 /* editProfileViewController.swift */,
				CFA21FE824A15CA40082E82E /* feedTableViewController.swift */,
				CFA21FEA24A15E2A0082E82E /* eventManagerViewController.swift */,
			);
			path = "View Controllers";
			sourceTree = "<group>";
		};
/* End PBXGroup section */

/* Begin PBXNativeTarget section */
		CF89332D244D0189002A2D06 /* Metropolis */ = {
			isa = PBXNativeTarget;
			buildConfigurationList = CF893342244D0191002A2D06 /* Build configuration list for PBXNativeTarget "Metropolis" */;
			buildPhases = (
				C206232866E1E14192B76623 /* [CP] Check Pods Manifest.lock */,
				CF89332A244D0189002A2D06 /* Sources */,
				CF89332B244D0189002A2D06 /* Frameworks */,
				CF89332C244D0189002A2D06 /* Resources */,
				3E5A9AEA27E09C39ABDF08B7 /* [CP] Embed Pods Frameworks */,
			);
			buildRules = (
			);
			dependencies = (
			);
			name = Metropolis;
			productName = Metropolis;
			productReference = CF89332E244D0189002A2D06 /* Metropolis.app */;
			productType = "com.apple.product-type.application";
		};
/* End PBXNativeTarget section */

/* Begin PBXProject section */
		CF893326244D0189002A2D06 /* Project object */ = {
			isa = PBXProject;
			attributes = {
				LastSwiftUpdateCheck = 1140;
				LastUpgradeCheck = 1140;
				ORGANIZATIONNAME = "Nikhil Devadoss";
				TargetAttributes = {
					CF89332D244D0189002A2D06 = {
						CreatedOnToolsVersion = 11.4.1;
					};
				};
			};
			buildConfigurationList = CF893329244D0189002A2D06 /* Build configuration list for PBXProject "Metropolis" */;
			compatibilityVersion = "Xcode 9.3";
			developmentRegion = en;
			hasScannedForEncodings = 0;
			knownRegions = (
				en,
				Base,
			);
			mainGroup = CF893325244D0189002A2D06;
			productRefGroup = CF89332F244D0189002A2D06 /* Products */;
			projectDirPath = "";
			projectRoot = "";
			targets = (
				CF89332D244D0189002A2D06 /* Metropolis */,
			);
		};
/* End PBXProject section */

/* Begin PBXResourcesBuildPhase section */
		CF89332C244D0189002A2D06 /* Resources */ = {
			isa = PBXResourcesBuildPhase;
			buildActionMask = 2147483647;
			files = (
				CF89333E244D0191002A2D06 /* LaunchScreen.storyboard in Resources */,
				CF89334A244D0D5C002A2D06 /* GoogleService-Info.plist in Resources */,
				CF89333B244D0190002A2D06 /* Assets.xcassets in Resources */,
				CF893339244D0189002A2D06 /* Main.storyboard in Resources */,
				CFA7C2532490DC4000286DFD /* Screen Shot 2020-06-10 at 2.15.32 AM.png in Resources */,
				CF9E4CAE2491B9D0002BA96F /* Screen Shot 2020-06-10 at 6.00.14 PM.png in Resources */,
			);
			runOnlyForDeploymentPostprocessing = 0;
		};
/* End PBXResourcesBuildPhase section */

/* Begin PBXShellScriptBuildPhase section */
		3E5A9AEA27E09C39ABDF08B7 /* [CP] Embed Pods Frameworks */ = {
			isa = PBXShellScriptBuildPhase;
			buildActionMask = 2147483647;
			files = (
			);
			inputFileListPaths = (
				"${PODS_ROOT}/Target Support Files/Pods-Metropolis/Pods-Metropolis-frameworks-${CONFIGURATION}-input-files.xcfilelist",
			);
			name = "[CP] Embed Pods Frameworks";
			outputFileListPaths = (
				"${PODS_ROOT}/Target Support Files/Pods-Metropolis/Pods-Metropolis-frameworks-${CONFIGURATION}-output-files.xcfilelist",
			);
			runOnlyForDeploymentPostprocessing = 0;
			shellPath = /bin/sh;
			shellScript = "\"${PODS_ROOT}/Target Support Files/Pods-Metropolis/Pods-Metropolis-frameworks.sh\"\n";
			showEnvVarsInLog = 0;
		};
		C206232866E1E14192B76623 /* [CP] Check Pods Manifest.lock */ = {
			isa = PBXShellScriptBuildPhase;
			buildActionMask = 2147483647;
			files = (
			);
			inputFileListPaths = (
			);
			inputPaths = (
				"${PODS_PODFILE_DIR_PATH}/Podfile.lock",
				"${PODS_ROOT}/Manifest.lock",
			);
			name = "[CP] Check Pods Manifest.lock";
			outputFileListPaths = (
			);
			outputPaths = (
				"$(DERIVED_FILE_DIR)/Pods-Metropolis-checkManifestLockResult.txt",
			);
			runOnlyForDeploymentPostprocessing = 0;
			shellPath = /bin/sh;
			shellScript = "diff \"${PODS_PODFILE_DIR_PATH}/Podfile.lock\" \"${PODS_ROOT}/Manifest.lock\" > /dev/null\nif [ $? != 0 ] ; then\n    # print error to STDERR\n    echo \"error: The sandbox is not in sync with the Podfile.lock. Run 'pod install' or update your CocoaPods installation.\" >&2\n    exit 1\nfi\n# This output is used by Xcode 'outputs' to avoid re-running this script phase.\necho \"SUCCESS\" > \"${SCRIPT_OUTPUT_FILE_0}\"\n";
			showEnvVarsInLog = 0;
		};
/* End PBXShellScriptBuildPhase section */

/* Begin PBXSourcesBuildPhase section */
		CF89332A244D0189002A2D06 /* Sources */ = {
			isa = PBXSourcesBuildPhase;
			buildActionMask = 2147483647;
			files = (
				CF893332244D0189002A2D06 /* AppDelegate.swift in Sources */,
				CF893334244D0189002A2D06 /* SceneDelegate.swift in Sources */,
				CF2AF0B324660E6100E5D378 /* profileViewController.swift in Sources */,
				CFA21FEB24A15E2A0082E82E /* eventManagerViewController.swift in Sources */,
				CFA21FE924A15CA40082E82E /* feedTableViewController.swift in Sources */,
				CF893347244D0B1B002A2D06 /* loginViewController.swift in Sources */,
				CFF8A1172472E6C5001B33B2 /* editProfileViewController.swift in Sources */,
				CF2AF0AF2465FF1400E5D378 /* landingPageViewController.swift in Sources */,
				CF978EFA244D10B00023383A /* registerViewController.swift in Sources */,
			);
			runOnlyForDeploymentPostprocessing = 0;
		};
/* End PBXSourcesBuildPhase section */

/* Begin PBXVariantGroup section */
		CF893337244D0189002A2D06 /* Main.storyboard */ = {
			isa = PBXVariantGroup;
			children = (
				CF893338244D0189002A2D06 /* Base */,
			);
			name = Main.storyboard;
			sourceTree = "<group>";
		};
		CF89333C244D0191002A2D06 /* LaunchScreen.storyboard */ = {
			isa = PBXVariantGroup;
			children = (
				CF89333D244D0191002A2D06 /* Base */,
			);
			name = LaunchScreen.storyboard;
			sourceTree = "<group>";
		};
/* End PBXVariantGroup section */

/* Begin XCBuildConfiguration section */
		CF893340244D0191002A2D06 /* Debug */ = {
			isa = XCBuildConfiguration;
			buildSettings = {
				ALWAYS_SEARCH_USER_PATHS = NO;
				CLANG_ANALYZER_NONNULL = YES;
				CLANG_ANALYZER_NUMBER_OBJECT_CONVERSION = YES_AGGRESSIVE;
				CLANG_CXX_LANGUAGE_STANDARD = "gnu++14";
				CLANG_CXX_LIBRARY = "libc++";
				CLANG_ENABLE_MODULES = YES;
				CLANG_ENABLE_OBJC_ARC = YES;
				CLANG_ENABLE_OBJC_WEAK = YES;
				CLANG_WARN_BLOCK_CAPTURE_AUTORELEASING = YES;
				CLANG_WARN_BOOL_CONVERSION = YES;
				CLANG_WARN_COMMA = YES;
				CLANG_WARN_CONSTANT_CONVERSION = YES;
				CLANG_WARN_DEPRECATED_OBJC_IMPLEMENTATIONS = YES;
				CLANG_WARN_DIRECT_OBJC_ISA_USAGE = YES_ERROR;
				CLANG_WARN_DOCUMENTATION_COMMENTS = YES;
				CLANG_WARN_EMPTY_BODY = YES;
				CLANG_WARN_ENUM_CONVERSION = YES;
				CLANG_WARN_INFINITE_RECURSION = YES;
				CLANG_WARN_INT_CONVERSION = YES;
				CLANG_WARN_NON_LITERAL_NULL_CONVERSION = YES;
				CLANG_WARN_OBJC_IMPLICIT_RETAIN_SELF = YES;
				CLANG_WARN_OBJC_LITERAL_CONVERSION = YES;
				CLANG_WARN_OBJC_ROOT_CLASS = YES_ERROR;
				CLANG_WARN_RANGE_LOOP_ANALYSIS = YES;
				CLANG_WARN_STRICT_PROTOTYPES = YES;
				CLANG_WARN_SUSPICIOUS_MOVE = YES;
				CLANG_WARN_UNGUARDED_AVAILABILITY = YES_AGGRESSIVE;
				CLANG_WARN_UNREACHABLE_CODE = YES;
				CLANG_WARN__DUPLICATE_METHOD_MATCH = YES;
				COPY_PHASE_STRIP = NO;
				DEBUG_INFORMATION_FORMAT = dwarf;
				ENABLE_STRICT_OBJC_MSGSEND = YES;
				ENABLE_TESTABILITY = YES;
				GCC_C_LANGUAGE_STANDARD = gnu11;
				GCC_DYNAMIC_NO_PIC = NO;
				GCC_NO_COMMON_BLOCKS = YES;
				GCC_OPTIMIZATION_LEVEL = 0;
				GCC_PREPROCESSOR_DEFINITIONS = (
					"DEBUG=1",
					"$(inherited)",
				);
				GCC_WARN_64_TO_32_BIT_CONVERSION = YES;
				GCC_WARN_ABOUT_RETURN_TYPE = YES_ERROR;
				GCC_WARN_UNDECLARED_SELECTOR = YES;
				GCC_WARN_UNINITIALIZED_AUTOS = YES_AGGRESSIVE;
				GCC_WARN_UNUSED_FUNCTION = YES;
				GCC_WARN_UNUSED_VARIABLE = YES;
				IPHONEOS_DEPLOYMENT_TARGET = 13.4;
				MTL_ENABLE_DEBUG_INFO = INCLUDE_SOURCE;
				MTL_FAST_MATH = YES;
				ONLY_ACTIVE_ARCH = YES;
				SDKROOT = iphoneos;
				SWIFT_ACTIVE_COMPILATION_CONDITIONS = DEBUG;
				SWIFT_OPTIMIZATION_LEVEL = "-Onone";
			};
			name = Debug;
		};
		CF893341244D0191002A2D06 /* Release */ = {
			isa = XCBuildConfiguration;
			buildSettings = {
				ALWAYS_SEARCH_USER_PATHS = NO;
				CLANG_ANALYZER_NONNULL = YES;
				CLANG_ANALYZER_NUMBER_OBJECT_CONVERSION = YES_AGGRESSIVE;
				CLANG_CXX_LANGUAGE_STANDARD = "gnu++14";
				CLANG_CXX_LIBRARY = "libc++";
				CLANG_ENABLE_MODULES = YES;
				CLANG_ENABLE_OBJC_ARC = YES;
				CLANG_ENABLE_OBJC_WEAK = YES;
				CLANG_WARN_BLOCK_CAPTURE_AUTORELEASING = YES;
				CLANG_WARN_BOOL_CONVERSION = YES;
				CLANG_WARN_COMMA = YES;
				CLANG_WARN_CONSTANT_CONVERSION = YES;
				CLANG_WARN_DEPRECATED_OBJC_IMPLEMENTATIONS = YES;
				CLANG_WARN_DIRECT_OBJC_ISA_USAGE = YES_ERROR;
				CLANG_WARN_DOCUMENTATION_COMMENTS = YES;
				CLANG_WARN_EMPTY_BODY = YES;
				CLANG_WARN_ENUM_CONVERSION = YES;
				CLANG_WARN_INFINITE_RECURSION = YES;
				CLANG_WARN_INT_CONVERSION = YES;
				CLANG_WARN_NON_LITERAL_NULL_CONVERSION = YES;
				CLANG_WARN_OBJC_IMPLICIT_RETAIN_SELF = YES;
				CLANG_WARN_OBJC_LITERAL_CONVERSION = YES;
				CLANG_WARN_OBJC_ROOT_CLASS = YES_ERROR;
				CLANG_WARN_RANGE_LOOP_ANALYSIS = YES;
				CLANG_WARN_STRICT_PROTOTYPES = YES;
				CLANG_WARN_SUSPICIOUS_MOVE = YES;
				CLANG_WARN_UNGUARDED_AVAILABILITY = YES_AGGRESSIVE;
				CLANG_WARN_UNREACHABLE_CODE = YES;
				CLANG_WARN__DUPLICATE_METHOD_MATCH = YES;
				COPY_PHASE_STRIP = NO;
				DEBUG_INFORMATION_FORMAT = "dwarf-with-dsym";
				ENABLE_NS_ASSERTIONS = NO;
				ENABLE_STRICT_OBJC_MSGSEND = YES;
				GCC_C_LANGUAGE_STANDARD = gnu11;
				GCC_NO_COMMON_BLOCKS = YES;
				GCC_WARN_64_TO_32_BIT_CONVERSION = YES;
				GCC_WARN_ABOUT_RETURN_TYPE = YES_ERROR;
				GCC_WARN_UNDECLARED_SELECTOR = YES;
				GCC_WARN_UNINITIALIZED_AUTOS = YES_AGGRESSIVE;
				GCC_WARN_UNUSED_FUNCTION = YES;
				GCC_WARN_UNUSED_VARIABLE = YES;
				IPHONEOS_DEPLOYMENT_TARGET = 13.4;
				MTL_ENABLE_DEBUG_INFO = NO;
				MTL_FAST_MATH = YES;
				SDKROOT = iphoneos;
				SWIFT_COMPILATION_MODE = wholemodule;
				SWIFT_OPTIMIZATION_LEVEL = "-O";
				VALIDATE_PRODUCT = YES;
			};
			name = Release;
		};
		CF893343244D0191002A2D06 /* Debug */ = {
			isa = XCBuildConfiguration;
			baseConfigurationReference = C8A3F4CF380C1AF08C148939 /* Pods-Metropolis.debug.xcconfig */;
			buildSettings = {
				ASSETCATALOG_COMPILER_APPICON_NAME = AppIcon;
				CODE_SIGN_IDENTITY = "Apple Development";
				CODE_SIGN_STYLE = Automatic;
				DEVELOPMENT_TEAM = K4AFMRW4S4;
				INFOPLIST_FILE = Metropolis/Info.plist;
				LD_RUNPATH_SEARCH_PATHS = (
					"$(inherited)",
					"@executable_path/Frameworks",
				);
				PRODUCT_BUNDLE_IDENTIFIER = nikdevadoss.Metropolis;
				PRODUCT_NAME = "$(TARGET_NAME)";
				PROVISIONING_PROFILE_SPECIFIER = "";
				SWIFT_VERSION = 5.0;
				TARGETED_DEVICE_FAMILY = "1,2";
			};
			name = Debug;
		};
		CF893344244D0191002A2D06 /* Release */ = {
			isa = XCBuildConfiguration;
			baseConfigurationReference = 6BE4B9636BD960ECE9B0D0E8 /* Pods-Metropolis.release.xcconfig */;
			buildSettings = {
				ASSETCATALOG_COMPILER_APPICON_NAME = AppIcon;
				CODE_SIGN_IDENTITY = "Apple Development";
				CODE_SIGN_STYLE = Automatic;
				DEVELOPMENT_TEAM = K4AFMRW4S4;
				INFOPLIST_FILE = Metropolis/Info.plist;
				LD_RUNPATH_SEARCH_PATHS = (
					"$(inherited)",
					"@executable_path/Frameworks",
				);
				PRODUCT_BUNDLE_IDENTIFIER = nikdevadoss.Metropolis;
				PRODUCT_NAME = "$(TARGET_NAME)";
				PROVISIONING_PROFILE_SPECIFIER = "";
				SWIFT_VERSION = 5.0;
				TARGETED_DEVICE_FAMILY = "1,2";
			};
			name = Release;
		};
/* End XCBuildConfiguration section */

/* Begin XCConfigurationList section */
		CF893329244D0189002A2D06 /* Build configuration list for PBXProject "Metropolis" */ = {
			isa = XCConfigurationList;
			buildConfigurations = (
				CF893340244D0191002A2D06 /* Debug */,
				CF893341244D0191002A2D06 /* Release */,
			);
			defaultConfigurationIsVisible = 0;
			defaultConfigurationName = Release;
		};
		CF893342244D0191002A2D06 /* Build configuration list for PBXNativeTarget "Metropolis" */ = {
			isa = XCConfigurationList;
			buildConfigurations = (
				CF893343244D0191002A2D06 /* Debug */,
				CF893344244D0191002A2D06 /* Release */,
			);
			defaultConfigurationIsVisible = 0;
			defaultConfigurationName = Release;
		};
/* End XCConfigurationList section */
	};
	rootObject = CF893326244D0189002A2D06 /* Project object */;
}
